
Microsoft Visual Studio Solution File, Format Version 12.00
# Visual Studio 2012
Project("{FAE04EC0-301F-11D3-BF4B-00C04F79EFBC}") = "PhaseExplorer", "PhaseExplorer\PhaseExplorer.csproj", "{6E96C13B-CAF2-444C-9C11-6BCF2E33C2EB}"
EndProject
Global
	GlobalSection(SolutionConfigurationPlatforms) = preSolution
		Debug|x86 = Debug|x86
		Release|x86 = Release|x86
	EndGlobalSection
	GlobalSection(ProjectConfigurationPlatforms) = postSolution
		{6E96C13B-CAF2-444C-9C11-6BCF2E33C2EB}.Debug|x86.ActiveCfg = Debug|x86
		{6E96C13B-CAF2-444C-9C11-6BCF2E33C2EB}.Debug|x86.Build.0 = Debug|x86
		{6E96C13B-CAF2-444C-9C11-6BCF2E33C2EB}.Release|x86.ActiveCfg = Release|x86
		{6E96C13B-CAF2-444C-9C11-6BCF2E33C2EB}.Release|x86.Build.0 = Release|x86
	EndGlobalSection
EndGlobal
